<Solution>
  <Folder Name="/src/">
    <Project Path="src/Dbvprovas.Api/Dbvprovas.Api.csproj" />
    <Project Path="src/Dbvprovas.App/Dbvprovas.App.csproj" />
    <Project Path="src/Dbvprovas.Contracts/Dbvprovas.Contracts.csproj" />
    <Project Path="src/Dbvprovas.Ui/Dbvprovas.Ui.csproj" />
    <Project Path="src/Dbvprovas.Web/Dbvprovas.Web.csproj" />
  </Folder>
  <Folder Name="/tests/">
    <Project Path="tests/Dbvprovas.Api.Tests/Dbvprovas.Api.Tests.csproj" />
    <Project Path="tests/Dbvprovas.App.Smoke/Dbvprovas.App.Smoke.csproj" />
    <Project Path="tests/Dbvprovas.TestSupport/Dbvprovas.TestSupport.csproj" />
    <Project Path="tests/Dbvprovas.Tools.Tests/Dbvprovas.Tools.Tests.csproj" />
    <Project Path="tests/Dbvprovas.Ui.Tests/Dbvprovas.Ui.Tests.csproj" />
    <Project Path="tests/Dbvprovas.Web.E2E/Dbvprovas.Web.E2E.csproj" />
  </Folder>
</Solution>
